
Microsoft Visual Studio Solution File, Format Version 12.00
Project("{FAE04EC0-301F-11D3-BF4B-00C04F79EFBC}") = "Naami.SuiNet.Tests", "Naami.SuiNet.Tests\Naami.SuiNet.Tests.csproj", "{B204B610-67B0-4CAA-AE16-81AC6FF91163}"
EndProject
Project("{FAE04EC0-301F-11D3-BF4B-00C04F79EFBC}") = "Naami.SuiNet", "Naami.SuiNet\Naami.SuiNet.csproj", "{10552B1A-C370-4527-9EB4-A91E7B51B283}"
EndProject
Project("{FAE04EC0-301F-11D3-BF4B-00C04F79EFBC}") = "Naami.SuiNet.Extensions", "Naami.SuiNet.Extensions\Naami.SuiNet.Extensions.csproj", "{3D29161F-1B94-4EB0-B68A-8174DA365C29}"
EndProject
Project("{FAE04EC0-301F-11D3-BF4B-00C04F79EFBC}") = "Naami.SuiNet.Extensions.Tests", "Naami.SuiNet.Extensions.Tests\Naami.SuiNet.Extensions.Tests.csproj", "{C711D549-638E-4B92-92D8-9067BB0C1CB6}"
EndProject
Project("{FAE04EC0-301F-11D3-BF4B-00C04F79EFBC}") = "Naami.SuiNet.Examples.Capy", "Naami.SuiNet.Examples.Capy\Naami.SuiNet.Examples.Capy.csproj", "{710838F6-3C16-4E55-8059-B92157115E6B}"
EndProject
Project("{2150E333-8FDC-42A3-9474-1A3956D46DE8}") = "Sdk", "Sdk", "{4C84C78F-C59D-4351-9577-060D33FEE8C5}"
EndProject
Project("{2150E333-8FDC-42A3-9474-1A3956D46DE8}") = "Extensions", "Extensions", "{4B618D09-9066-4119-BDB4-F323D93FAA2C}"
EndProject
Project("{2150E333-8FDC-42A3-9474-1A3956D46DE8}") = "Examples", "Examples", "{B73896AD-4D65-4D73-AE87-67AAACCC5660}"
EndProject
Project("{FAE04EC0-301F-11D3-BF4B-00C04F79EFBC}") = "Naami.SuiNet.Examples.Capy.Test", "Naami.SuiNet.Examples.Capy.Test\Naami.SuiNet.Examples.Capy.Test.csproj", "{7A7D82C5-611C-4E12-9C32-6321AFE54219}"
EndProject
Global
	GlobalSection(SolutionConfigurationPlatforms) = preSolution
		Debug|Any CPU = Debug|Any CPU
		Release|Any CPU = Release|Any CPU
	EndGlobalSection
	GlobalSection(ProjectConfigurationPlatforms) = postSolution
		{B204B610-67B0-4CAA-AE16-81AC6FF91163}.Debug|Any CPU.ActiveCfg = Debug|Any CPU
		{B204B610-67B0-4CAA-AE16-81AC6FF91163}.Debug|Any CPU.Build.0 = Debug|Any CPU
		{B204B610-67B0-4CAA-AE16-81AC6FF91163}.Release|Any CPU.ActiveCfg = Release|Any CPU
		{B204B610-67B0-4CAA-AE16-81AC6FF91163}.Release|Any CPU.Build.0 = Release|Any CPU
		{10552B1A-C370-4527-9EB4-A91E7B51B283}.Debug|Any CPU.ActiveCfg = Debug|Any CPU
		{10552B1A-C370-4527-9EB4-A91E7B51B283}.Debug|Any CPU.Build.0 = Debug|Any CPU
		{10552B1A-C370-4527-9EB4-A91E7B51B283}.Release|Any CPU.ActiveCfg = Release|Any CPU
		{10552B1A-C370-4527-9EB4-A91E7B51B283}.Release|Any CPU.Build.0 = Release|Any CPU
		{3D29161F-1B94-4EB0-B68A-8174DA365C29}.Debug|Any CPU.ActiveCfg = Debug|Any CPU
		{3D29161F-1B94-4EB0-B68A-8174DA365C29}.Debug|Any CPU.Build.0 = Debug|Any CPU
		{3D29161F-1B94-4EB0-B68A-8174DA365C29}.Release|Any CPU.ActiveCfg = Release|Any CPU
		{3D29161F-1B94-4EB0-B68A-8174DA365C29}.Release|Any CPU.Build.0 = Release|Any CPU
		{C711D549-638E-4B92-92D8-9067BB0C1CB6}.Debug|Any CPU.ActiveCfg = Debug|Any CPU
		{C711D549-638E-4B92-92D8-9067BB0C1CB6}.Debug|Any CPU.Build.0 = Debug|Any CPU
		{C711D549-638E-4B92-92D8-9067BB0C1CB6}.Release|Any CPU.ActiveCfg = Release|Any CPU
		{C711D549-638E-4B92-92D8-9067BB0C1CB6}.Release|Any CPU.Build.0 = Release|Any CPU
		{710838F6-3C16-4E55-8059-B92157115E6B}.Debug|Any CPU.ActiveCfg = Debug|Any CPU
		{710838F6-3C16-4E55-8059-B92157115E6B}.Debug|Any CPU.Build.0 = Debug|Any CPU
		{710838F6-3C16-4E55-8059-B92157115E6B}.Release|Any CPU.ActiveCfg = Release|Any CPU
		{710838F6-3C16-4E55-8059-B92157115E6B}.Release|Any CPU.Build.0 = Release|Any CPU
		{7A7D82C5-611C-4E12-9C32-6321AFE54219}.Debug|Any CPU.ActiveCfg = Debug|Any CPU
		{7A7D82C5-611C-4E12-9C32-6321AFE54219}.Debug|Any CPU.Build.0 = Debug|Any CPU
		{7A7D82C5-611C-4E12-9C32-6321AFE54219}.Release|Any CPU.ActiveCfg = Release|Any CPU
		{7A7D82C5-611C-4E12-9C32-6321AFE54219}.Release|Any CPU.Build.0 = Release|Any CPU
	EndGlobalSection
	GlobalSection(NestedProjects) = preSolution
		{10552B1A-C370-4527-9EB4-A91E7B51B283} = {4C84C78F-C59D-4351-9577-060D33FEE8C5}
		{B204B610-67B0-4CAA-AE16-81AC6FF91163} = {4C84C78F-C59D-4351-9577-060D33FEE8C5}
		{3D29161F-1B94-4EB0-B68A-8174DA365C29} = {4B618D09-9066-4119-BDB4-F323D93FAA2C}
		{C711D549-638E-4B92-92D8-9067BB0C1CB6} = {4B618D09-9066-4119-BDB4-F323D93FAA2C}
		{710838F6-3C16-4E55-8059-B92157115E6B} = {B73896AD-4D65-4D73-AE87-67AAACCC5660}
		{7A7D82C5-611C-4E12-9C32-6321AFE54219} = {B73896AD-4D65-4D73-AE87-67AAACCC5660}
	EndGlobalSection
EndGlobal
