
Microsoft Visual Studio Solution File, Format Version 12.00
Project("{FAE04EC0-301F-11D3-BF4B-00C04F79EFBC}") = "Naami.SuiSdk.Tests", "Naami.SuiSdk.Tests\Naami.SuiSdk.Tests.csproj", "{B204B610-67B0-4CAA-AE16-81AC6FF91163}"
EndProject
Project("{FAE04EC0-301F-11D3-BF4B-00C04F79EFBC}") = "Naami.SuiNet", "Naami.SuiNet\Naami.SuiNet.csproj", "{10552B1A-C370-4527-9EB4-A91E7B51B283}"
EndProject
Global
	GlobalSection(SolutionConfigurationPlatforms) = preSolution
		Debug|Any CPU = Debug|Any CPU
		Release|Any CPU = Release|Any CPU
	EndGlobalSection
	GlobalSection(ProjectConfigurationPlatforms) = postSolution
		{B204B610-67B0-4CAA-AE16-81AC6FF91163}.Debug|Any CPU.ActiveCfg = Debug|Any CPU
		{B204B610-67B0-4CAA-AE16-81AC6FF91163}.Debug|Any CPU.Build.0 = Debug|Any CPU
		{B204B610-67B0-4CAA-AE16-81AC6FF91163}.Release|Any CPU.ActiveCfg = Release|Any CPU
		{B204B610-67B0-4CAA-AE16-81AC6FF91163}.Release|Any CPU.Build.0 = Release|Any CPU
		{10552B1A-C370-4527-9EB4-A91E7B51B283}.Debug|Any CPU.ActiveCfg = Debug|Any CPU
		{10552B1A-C370-4527-9EB4-A91E7B51B283}.Debug|Any CPU.Build.0 = Debug|Any CPU
		{10552B1A-C370-4527-9EB4-A91E7B51B283}.Release|Any CPU.ActiveCfg = Release|Any CPU
		{10552B1A-C370-4527-9EB4-A91E7B51B283}.Release|Any CPU.Build.0 = Release|Any CPU
	EndGlobalSection
EndGlobal
